
Microsoft Visual Studio Solution File, Format Version 12.00
# Visual Studio 15
VisualStudioVersion = 15.0.27428.2015
MinimumVisualStudioVersion = 10.0.40219.1
Project("{FAE04EC0-301F-11D3-BF4B-00C04F79EFBC}") = "ClassStoreOfBuild.Domain", "ClasStoreOfBuild.Domain\ClassStoreOfBuild.Domain.csproj", "{A7E8B67E-14E5-44F3-BB50-3DF9D1D2F77D}"
EndProject
Global
	GlobalSection(SolutionConfigurationPlatforms) = preSolution
		Debug|Any CPU = Debug|Any CPU
		Release|Any CPU = Release|Any CPU
	EndGlobalSection
	GlobalSection(ProjectConfigurationPlatforms) = postSolution
		{A7E8B67E-14E5-44F3-BB50-3DF9D1D2F77D}.Debug|Any CPU.ActiveCfg = Debug|Any CPU
		{A7E8B67E-14E5-44F3-BB50-3DF9D1D2F77D}.Debug|Any CPU.Build.0 = Debug|Any CPU
		{A7E8B67E-14E5-44F3-BB50-3DF9D1D2F77D}.Release|Any CPU.ActiveCfg = Release|Any CPU
		{A7E8B67E-14E5-44F3-BB50-3DF9D1D2F77D}.Release|Any CPU.Build.0 = Release|Any CPU
	EndGlobalSection
	GlobalSection(SolutionProperties) = preSolution
		HideSolutionNode = FALSE
	EndGlobalSection
	GlobalSection(ExtensibilityGlobals) = postSolution
		SolutionGuid = {C7155A65-7AB1-475D-B7D3-499B949B8DEF}
	EndGlobalSection
EndGlobal
